
Microsoft Visual Studio Solution File, Format Version 12.00
# Visual Studio 15
VisualStudioVersion = 15.0.27004.2009
MinimumVisualStudioVersion = 10.0.40219.1
Project("{FAE04EC0-301F-11D3-BF4B-00C04F79EFBC}") = "ProjetoDiscoteca.Musicas.Web", "ProjetoDiscoteca.Musicas.Web\ProjetoDiscoteca.Musicas.Web.csproj", "{90460E4D-47D4-486E-ABBB-034F72E64733}"
EndProject
Project("{2150E333-8FDC-42A3-9474-1A3956D46DE8}") = "Dominio", "Dominio", "{429A9F44-3C78-45FE-8E10-AE13B4CB46FD}"
EndProject
Project("{FAE04EC0-301F-11D3-BF4B-00C04F79EFBC}") = "ProjetoDiscoteca.Musicas.Dominio", "ProjetoDiscoteca.Musicas.Dominio\ProjetoDiscoteca.Musicas.Dominio.csproj", "{BF0150E2-D83A-41FF-B1D8-677510A384F1}"
EndProject
Project("{2150E333-8FDC-42A3-9474-1A3956D46DE8}") = "Acesso a Dados", "Acesso a Dados", "{C0E3665A-002D-42D7-BC18-512EEC90A4F5}"
EndProject
Project("{FAE04EC0-301F-11D3-BF4B-00C04F79EFBC}") = "ProjetoDiscoteca.Musicas.AcessoDados.Entity", "ProjetoDiscoteca.Musicas.AcessoDados.Entity\ProjetoDiscoteca.Musicas.AcessoDados.Entity.csproj", "{43C83349-82BF-4DDF-BD3B-3E04E09AA585}"
EndProject
Project("{FAE04EC0-301F-11D3-BF4B-00C04F79EFBC}") = "ProjetoDiscoteca.Comum.Entity", "ProjetoDiscoteca.Comum.Entity\ProjetoDiscoteca.Comum.Entity.csproj", "{4F35352D-1647-4114-886C-BE8A6981DEDD}"
EndProject
Global
	GlobalSection(SolutionConfigurationPlatforms) = preSolution
		Debug|Any CPU = Debug|Any CPU
		Release|Any CPU = Release|Any CPU
	EndGlobalSection
	GlobalSection(ProjectConfigurationPlatforms) = postSolution
		{90460E4D-47D4-486E-ABBB-034F72E64733}.Debug|Any CPU.ActiveCfg = Debug|Any CPU
		{90460E4D-47D4-486E-ABBB-034F72E64733}.Debug|Any CPU.Build.0 = Debug|Any CPU
		{90460E4D-47D4-486E-ABBB-034F72E64733}.Release|Any CPU.ActiveCfg = Release|Any CPU
		{90460E4D-47D4-486E-ABBB-034F72E64733}.Release|Any CPU.Build.0 = Release|Any CPU
		{BF0150E2-D83A-41FF-B1D8-677510A384F1}.Debug|Any CPU.ActiveCfg = Debug|Any CPU
		{BF0150E2-D83A-41FF-B1D8-677510A384F1}.Debug|Any CPU.Build.0 = Debug|Any CPU
		{BF0150E2-D83A-41FF-B1D8-677510A384F1}.Release|Any CPU.ActiveCfg = Release|Any CPU
		{BF0150E2-D83A-41FF-B1D8-677510A384F1}.Release|Any CPU.Build.0 = Release|Any CPU
		{43C83349-82BF-4DDF-BD3B-3E04E09AA585}.Debug|Any CPU.ActiveCfg = Debug|Any CPU
		{43C83349-82BF-4DDF-BD3B-3E04E09AA585}.Debug|Any CPU.Build.0 = Debug|Any CPU
		{43C83349-82BF-4DDF-BD3B-3E04E09AA585}.Release|Any CPU.ActiveCfg = Release|Any CPU
		{43C83349-82BF-4DDF-BD3B-3E04E09AA585}.Release|Any CPU.Build.0 = Release|Any CPU
		{4F35352D-1647-4114-886C-BE8A6981DEDD}.Debug|Any CPU.ActiveCfg = Debug|Any CPU
		{4F35352D-1647-4114-886C-BE8A6981DEDD}.Debug|Any CPU.Build.0 = Debug|Any CPU
		{4F35352D-1647-4114-886C-BE8A6981DEDD}.Release|Any CPU.ActiveCfg = Release|Any CPU
		{4F35352D-1647-4114-886C-BE8A6981DEDD}.Release|Any CPU.Build.0 = Release|Any CPU
	EndGlobalSection
	GlobalSection(SolutionProperties) = preSolution
		HideSolutionNode = FALSE
	EndGlobalSection
	GlobalSection(NestedProjects) = preSolution
		{BF0150E2-D83A-41FF-B1D8-677510A384F1} = {429A9F44-3C78-45FE-8E10-AE13B4CB46FD}
		{43C83349-82BF-4DDF-BD3B-3E04E09AA585} = {C0E3665A-002D-42D7-BC18-512EEC90A4F5}
		{4F35352D-1647-4114-886C-BE8A6981DEDD} = {C0E3665A-002D-42D7-BC18-512EEC90A4F5}
	EndGlobalSection
	GlobalSection(ExtensibilityGlobals) = postSolution
		SolutionGuid = {A8D7BD97-3192-4029-A810-A8DAF4796D1F}
	EndGlobalSection
EndGlobal
